// !$*UTF8*$!
{
	archiveVersion = 1;
	classes = {
	};
	objectVersion = 52;
	objects = {

/* Begin PBXBuildFile section */
		1A7A392623F4B44E00F9F214 /* AppDelegate.swift in Sources */ = {isa = PBXBuildFile; fileRef = 1A7A392523F4B44E00F9F214 /* AppDelegate.swift */; };
		1A7A392823F4B44E00F9F214 /* SceneDelegate.swift in Sources */ = {isa = PBXBuildFile; fileRef = 1A7A392723F4B44E00F9F214 /* SceneDelegate.swift */; };
		1A7A392A23F4B44E00F9F214 /* PokedexViewController.swift in Sources */ = {isa = PBXBuildFile; fileRef = 1A7A392923F4B44E00F9F214 /* PokedexViewController.swift */; };
		1A7A392D23F4B44E00F9F214 /* Main.storyboard in Resources */ = {isa = PBXBuildFile; fileRef = 1A7A392B23F4B44E00F9F214 /* Main.storyboard */; };
		1A7A392F23F4B44F00F9F214 /* Assets.xcassets in Resources */ = {isa = PBXBuildFile; fileRef = 1A7A392E23F4B44F00F9F214 /* Assets.xcassets */; };
		1A7A393223F4B44F00F9F214 /* LaunchScreen.storyboard in Resources */ = {isa = PBXBuildFile; fileRef = 1A7A393023F4B44F00F9F214 /* LaunchScreen.storyboard */; };
		1A7A393D23F4B44F00F9F214 /* PokedexTests.swift in Sources */ = {isa = PBXBuildFile; fileRef = 1A7A393C23F4B44F00F9F214 /* PokedexTests.swift */; };
		1A7A394823F4B44F00F9F214 /* PokedexUITests.swift in Sources */ = {isa = PBXBuildFile; fileRef = 1A7A394723F4B44F00F9F214 /* PokedexUITests.swift */; };
		1A7A395823F4B63E00F9F214 /* PokemonGenerator.swift in Sources */ = {isa = PBXBuildFile; fileRef = 1A7A395523F4B63D00F9F214 /* PokemonGenerator.swift */; };
		1A7A395923F4B63E00F9F214 /* Pokemon.swift in Sources */ = {isa = PBXBuildFile; fileRef = 1A7A395623F4B63D00F9F214 /* Pokemon.swift */; };
		1A7A395A23F4B63E00F9F214 /* pokemons.json in Resources */ = {isa = PBXBuildFile; fileRef = 1A7A395723F4B63D00F9F214 /* pokemons.json */; };
		1A7A395C23F501D800F9F214 /* PokemonCollectionViewCell.swift in Sources */ = {isa = PBXBuildFile; fileRef = 1A7A395B23F501D800F9F214 /* PokemonCollectionViewCell.swift */; };
		1AABEABE23F62E7300389036 /* PokemonManager.swift in Sources */ = {isa = PBXBuildFile; fileRef = 1AABEABD23F62E7300389036 /* PokemonManager.swift */; };
		1ADF94C423F87ACE004D61C4 /* Extensions.swift in Sources */ = {isa = PBXBuildFile; fileRef = 1ADF94C323F87ACE004D61C4 /* Extensions.swift */; };
		1ADF94C723F88423004D61C4 /* Kingfisher in Frameworks */ = {isa = PBXBuildFile; productRef = 1ADF94C623F88423004D61C4 /* Kingfisher */; };
/* End PBXBuildFile section */

/* Begin PBXContainerItemProxy section */
		1A7A393923F4B44F00F9F214 /* PBXContainerItemProxy */ = {
			isa = PBXContainerItemProxy;
			containerPortal = 1A7A391A23F4B44E00F9F214 /* Project object */;
			proxyType = 1;
			remoteGlobalIDString = 1A7A392123F4B44E00F9F214;
			remoteInfo = Pokedex;
		};
		1A7A394423F4B44F00F9F214 /* PBXContainerItemProxy */ = {
			isa = PBXContainerItemProxy;
			containerPortal = 1A7A391A23F4B44E00F9F214 /* Project object */;
			proxyType = 1;
			remoteGlobalIDString = 1A7A392123F4B44E00F9F214;
			remoteInfo = Pokedex;
		};
/* End PBXContainerItemProxy section */

/* Begin PBXFileReference section */
		1A7A392223F4B44E00F9F214 /* Pokedex.app */ = {isa = PBXFileReference; explicitFileType = wrapper.application; includeInIndex = 0; path = Pokedex.app; sourceTree = BUILT_PRODUCTS_DIR; };
		1A7A392523F4B44E00F9F214 /* AppDelegate.swift */ = {isa = PBXFileReference; lastKnownFileType = sourcecode.swift; path = AppDelegate.swift; sourceTree = "<group>"; };
		1A7A392723F4B44E00F9F214 /* SceneDelegate.swift */ = {isa = PBXFileReference; lastKnownFileType = sourcecode.swift; path = SceneDelegate.swift; sourceTree = "<group>"; };
		1A7A392923F4B44E00F9F214 /* PokedexViewController.swift */ = {isa = PBXFileReference; lastKnownFileType = sourcecode.swift; path = PokedexViewController.swift; sourceTree = "<group>"; };
		1A7A392C23F4B44E00F9F214 /* Base */ = {isa = PBXFileReference; lastKnownFileType = file.storyboard; name = Base; path = Base.lproj/Main.storyboard; sourceTree = "<group>"; };
		1A7A392E23F4B44F00F9F214 /* Assets.xcassets */ = {isa = PBXFileReference; lastKnownFileType = folder.assetcatalog; path = Assets.xcassets; sourceTree = "<group>"; };
		1A7A393123F4B44F00F9F214 /* Base */ = {isa = PBXFileReference; lastKnownFileType = file.storyboard; name = Base; path = Base.lproj/LaunchScreen.storyboard; sourceTree = "<group>"; };
		1A7A393323F4B44F00F9F214 /* Info.plist */ = {isa = PBXFileReference; lastKnownFileType = text.plist.xml; path = Info.plist; sourceTree = "<group>"; };
		1A7A393823F4B44F00F9F214 /* PokedexTests.xctest */ = {isa = PBXFileReference; explicitFileType = wrapper.cfbundle; includeInIndex = 0; path = PokedexTests.xctest; sourceTree = BUILT_PRODUCTS_DIR; };
		1A7A393C23F4B44F00F9F214 /* PokedexTests.swift */ = {isa = PBXFileReference; lastKnownFileType = sourcecode.swift; path = PokedexTests.swift; sourceTree = "<group>"; };
		1A7A393E23F4B44F00F9F214 /* Info.plist */ = {isa = PBXFileReference; lastKnownFileType = text.plist.xml; path = Info.plist; sourceTree = "<group>"; };
		1A7A394323F4B44F00F9F214 /* PokedexUITests.xctest */ = {isa = PBXFileReference; explicitFileType = wrapper.cfbundle; includeInIndex = 0; path = PokedexUITests.xctest; sourceTree = BUILT_PRODUCTS_DIR; };
		1A7A394723F4B44F00F9F214 /* PokedexUITests.swift */ = {isa = PBXFileReference; lastKnownFileType = sourcecode.swift; path = PokedexUITests.swift; sourceTree = "<group>"; };
		1A7A394923F4B44F00F9F214 /* Info.plist */ = {isa = PBXFileReference; lastKnownFileType = text.plist.xml; path = Info.plist; sourceTree = "<group>"; };
		1A7A395523F4B63D00F9F214 /* PokemonGenerator.swift */ = {isa = PBXFileReference; fileEncoding = 4; lastKnownFileType = sourcecode.swift; path = PokemonGenerator.swift; sourceTree = "<group>"; };
		1A7A395623F4B63D00F9F214 /* Pokemon.swift */ = {isa = PBXFileReference; fileEncoding = 4; lastKnownFileType = sourcecode.swift; path = Pokemon.swift; sourceTree = "<group>"; };
		1A7A395723F4B63D00F9F214 /* pokemons.json */ = {isa = PBXFileReference; fileEncoding = 4; lastKnownFileType = text.json; path = pokemons.json; sourceTree = "<group>"; };
		1A7A395B23F501D800F9F214 /* PokemonCollectionViewCell.swift */ = {isa = PBXFileReference; lastKnownFileType = sourcecode.swift; path = PokemonCollectionViewCell.swift; sourceTree = "<group>"; };
		1AABEABD23F62E7300389036 /* PokemonManager.swift */ = {isa = PBXFileReference; lastKnownFileType = sourcecode.swift; path = PokemonManager.swift; sourceTree = "<group>"; };
		1ADF94C323F87ACE004D61C4 /* Extensions.swift */ = {isa = PBXFileReference; lastKnownFileType = sourcecode.swift; path = Extensions.swift; sourceTree = "<group>"; };
/* End PBXFileReference section */

/* Begin PBXFrameworksBuildPhase section */
		1A7A391F23F4B44E00F9F214 /* Frameworks */ = {
			isa = PBXFrameworksBuildPhase;
			buildActionMask = 2147483647;
			files = (
				1ADF94C723F88423004D61C4 /* Kingfisher in Frameworks */,
			);
			runOnlyForDeploymentPostprocessing = 0;
		};
		1A7A393523F4B44F00F9F214 /* Frameworks */ = {
			isa = PBXFrameworksBuildPhase;
			buildActionMask = 2147483647;
			files = (
			);
			runOnlyForDeploymentPostprocessing = 0;
		};
		1A7A394023F4B44F00F9F214 /* Frameworks */ = {
			isa = PBXFrameworksBuildPhase;
			buildActionMask = 2147483647;
			files = (
			);
			runOnlyForDeploymentPostprocessing = 0;
		};
/* End PBXFrameworksBuildPhase section */

/* Begin PBXGroup section */
		1A7A391923F4B44E00F9F214 = {
			isa = PBXGroup;
			children = (
				1A7A392423F4B44E00F9F214 /* Pokedex */,
				1A7A393B23F4B44F00F9F214 /* PokedexTests */,
				1A7A394623F4B44F00F9F214 /* PokedexUITests */,
				1A7A392323F4B44E00F9F214 /* Products */,
			);
			sourceTree = "<group>";
		};
		1A7A392323F4B44E00F9F214 /* Products */ = {
			isa = PBXGroup;
			children = (
				1A7A392223F4B44E00F9F214 /* Pokedex.app */,
				1A7A393823F4B44F00F9F214 /* PokedexTests.xctest */,
				1A7A394323F4B44F00F9F214 /* PokedexUITests.xctest */,
			);
			name = Products;
			sourceTree = "<group>";
		};
		1A7A392423F4B44E00F9F214 /* Pokedex */ = {
			isa = PBXGroup;
			children = (
				1AF1C37223F8925600AFDE88 /* Resource */,
				1A7A396123F601A100F9F214 /* Util */,
				1A7A396023F6018E00F9F214 /* Definitions */,
				1A7A395F23F600CF00F9F214 /* Cotrollers */,
				1A7A395E23F600C200F9F214 /* Views */,
				1A7A395D23F6009800F9F214 /* Models */,
				1A7A393323F4B44F00F9F214 /* Info.plist */,
			);
			path = Pokedex;
			sourceTree = "<group>";
		};
		1A7A393B23F4B44F00F9F214 /* PokedexTests */ = {
			isa = PBXGroup;
			children = (
				1A7A393C23F4B44F00F9F214 /* PokedexTests.swift */,
				1A7A393E23F4B44F00F9F214 /* Info.plist */,
			);
			path = PokedexTests;
			sourceTree = "<group>";
		};
		1A7A394623F4B44F00F9F214 /* PokedexUITests */ = {
			isa = PBXGroup;
			children = (
				1A7A394723F4B44F00F9F214 /* PokedexUITests.swift */,
				1A7A394923F4B44F00F9F214 /* Info.plist */,
			);
			path = PokedexUITests;
			sourceTree = "<group>";
		};
		1A7A395D23F6009800F9F214 /* Models */ = {
			isa = PBXGroup;
			children = (
				1A7A395623F4B63D00F9F214 /* Pokemon.swift */,
				1AABEABD23F62E7300389036 /* PokemonManager.swift */,
				1ADF94C323F87ACE004D61C4 /* Extensions.swift */,
			);
			path = Models;
			sourceTree = "<group>";
		};
		1A7A395E23F600C200F9F214 /* Views */ = {
			isa = PBXGroup;
			children = (
				1A7A395B23F501D800F9F214 /* PokemonCollectionViewCell.swift */,
			);
			path = Views;
			sourceTree = "<group>";
		};
		1A7A395F23F600CF00F9F214 /* Cotrollers */ = {
			isa = PBXGroup;
			children = (
				1A7A392923F4B44E00F9F214 /* PokedexViewController.swift */,
			);
			path = Cotrollers;
			sourceTree = "<group>";
		};
		1A7A396023F6018E00F9F214 /* Definitions */ = {
			isa = PBXGroup;
			children = (
				1A7A395723F4B63D00F9F214 /* pokemons.json */,
			);
			path = Definitions;
			sourceTree = "<group>";
		};
		1A7A396123F601A100F9F214 /* Util */ = {
			isa = PBXGroup;
			children = (
				1A7A395523F4B63D00F9F214 /* PokemonGenerator.swift */,
			);
			path = Util;
			sourceTree = "<group>";
		};
		1AF1C37223F8925600AFDE88 /* Resource */ = {
			isa = PBXGroup;
			children = (
				1A7A392523F4B44E00F9F214 /* AppDelegate.swift */,
				1A7A392723F4B44E00F9F214 /* SceneDelegate.swift */,
				1A7A392B23F4B44E00F9F214 /* Main.storyboard */,
				1A7A392E23F4B44F00F9F214 /* Assets.xcassets */,
				1A7A393023F4B44F00F9F214 /* LaunchScreen.storyboard */,
			);
			path = Resource;
			sourceTree = "<group>";
		};
/* End PBXGroup section */

/* Begin PBXNativeTarget section */
		1A7A392123F4B44E00F9F214 /* Pokedex */ = {
			isa = PBXNativeTarget;
			buildConfigurationList = 1A7A394C23F4B44F00F9F214 /* Build configuration list for PBXNativeTarget "Pokedex" */;
			buildPhases = (
				1A7A391E23F4B44E00F9F214 /* Sources */,
				1A7A391F23F4B44E00F9F214 /* Frameworks */,
				1A7A392023F4B44E00F9F214 /* Resources */,
			);
			buildRules = (
			);
			dependencies = (
			);
			name = Pokedex;
			packageProductDependencies = (
				1ADF94C623F88423004D61C4 /* Kingfisher */,
			);
			productName = Pokedex;
			productReference = 1A7A392223F4B44E00F9F214 /* Pokedex.app */;
			productType = "com.apple.product-type.application";
		};
		1A7A393723F4B44F00F9F214 /* PokedexTests */ = {
			isa = PBXNativeTarget;
			buildConfigurationList = 1A7A394F23F4B44F00F9F214 /* Build configuration list for PBXNativeTarget "PokedexTests" */;
			buildPhases = (
				1A7A393423F4B44F00F9F214 /* Sources */,
				1A7A393523F4B44F00F9F214 /* Frameworks */,
				1A7A393623F4B44F00F9F214 /* Resources */,
			);
			buildRules = (
			);
			dependencies = (
				1A7A393A23F4B44F00F9F214 /* PBXTargetDependency */,
			);
			name = PokedexTests;
			productName = PokedexTests;
			productReference = 1A7A393823F4B44F00F9F214 /* PokedexTests.xctest */;
			productType = "com.apple.product-type.bundle.unit-test";
		};
		1A7A394223F4B44F00F9F214 /* PokedexUITests */ = {
			isa = PBXNativeTarget;
			buildConfigurationList = 1A7A395223F4B44F00F9F214 /* Build configuration list for PBXNativeTarget "PokedexUITests" */;
			buildPhases = (
				1A7A393F23F4B44F00F9F214 /* Sources */,
				1A7A394023F4B44F00F9F214 /* Frameworks */,
				1A7A394123F4B44F00F9F214 /* Resources */,
			);
			buildRules = (
			);
			dependencies = (
				1A7A394523F4B44F00F9F214 /* PBXTargetDependency */,
			);
			name = PokedexUITests;
			productName = PokedexUITests;
			productReference = 1A7A394323F4B44F00F9F214 /* PokedexUITests.xctest */;
			productType = "com.apple.product-type.bundle.ui-testing";
		};
/* End PBXNativeTarget section */

/* Begin PBXProject section */
		1A7A391A23F4B44E00F9F214 /* Project object */ = {
			isa = PBXProject;
			attributes = {
				LastSwiftUpdateCheck = 1130;
				LastUpgradeCheck = 1130;
				ORGANIZATIONNAME = "Michael Lin";
				TargetAttributes = {
					1A7A392123F4B44E00F9F214 = {
						CreatedOnToolsVersion = 11.3.1;
					};
					1A7A393723F4B44F00F9F214 = {
						CreatedOnToolsVersion = 11.3.1;
						TestTargetID = 1A7A392123F4B44E00F9F214;
					};
					1A7A394223F4B44F00F9F214 = {
						CreatedOnToolsVersion = 11.3.1;
						TestTargetID = 1A7A392123F4B44E00F9F214;
					};
				};
			};
			buildConfigurationList = 1A7A391D23F4B44E00F9F214 /* Build configuration list for PBXProject "Pokedex" */;
			compatibilityVersion = "Xcode 9.3";
			developmentRegion = en;
			hasScannedForEncodings = 0;
			knownRegions = (
				en,
				Base,
			);
			mainGroup = 1A7A391923F4B44E00F9F214;
			packageReferences = (
				1ADF94C523F88423004D61C4 /* XCRemoteSwiftPackageReference "Kingfisher" */,
			);
			productRefGroup = 1A7A392323F4B44E00F9F214 /* Products */;
			projectDirPath = "";
			projectRoot = "";
			targets = (
				1A7A392123F4B44E00F9F214 /* Pokedex */,
				1A7A393723F4B44F00F9F214 /* PokedexTests */,
				1A7A394223F4B44F00F9F214 /* PokedexUITests */,
			);
		};
/* End PBXProject section */

/* Begin PBXResourcesBuildPhase section */
		1A7A392023F4B44E00F9F214 /* Resources */ = {
			isa = PBXResourcesBuildPhase;
			buildActionMask = 2147483647;
			files = (
				1A7A393223F4B44F00F9F214 /* LaunchScreen.storyboard in Resources */,
				1A7A395A23F4B63E00F9F214 /* pokemons.json in Resources */,
				1A7A392F23F4B44F00F9F214 /* Assets.xcassets in Resources */,
				1A7A392D23F4B44E00F9F214 /* Main.storyboard in Resources */,
			);
			runOnlyForDeploymentPostprocessing = 0;
		};
		1A7A393623F4B44F00F9F214 /* Resources */ = {
			isa = PBXResourcesBuildPhase;
			buildActionMask = 2147483647;
			files = (
			);
			runOnlyForDeploymentPostprocessing = 0;
		};
		1A7A394123F4B44F00F9F214 /* Resources */ = {
			isa = PBXResourcesBuildPhase;
			buildActionMask = 2147483647;
			files = (
			);
			runOnlyForDeploymentPostprocessing = 0;
		};
/* End PBXResourcesBuildPhase section */

/* Begin PBXSourcesBuildPhase section */
		1A7A391E23F4B44E00F9F214 /* Sources */ = {
			isa = PBXSourcesBuildPhase;
			buildActionMask = 2147483647;
			files = (
				1A7A395923F4B63E00F9F214 /* Pokemon.swift in Sources */,
				1AABEABE23F62E7300389036 /* PokemonManager.swift in Sources */,
				1A7A392A23F4B44E00F9F214 /* PokedexViewController.swift in Sources */,
				1ADF94C423F87ACE004D61C4 /* Extensions.swift in Sources */,
				1A7A395823F4B63E00F9F214 /* PokemonGenerator.swift in Sources */,
				1A7A392623F4B44E00F9F214 /* AppDelegate.swift in Sources */,
				1A7A395C23F501D800F9F214 /* PokemonCollectionViewCell.swift in Sources */,
				1A7A392823F4B44E00F9F214 /* SceneDelegate.swift in Sources */,
			);
			runOnlyForDeploymentPostprocessing = 0;
		};
		1A7A393423F4B44F00F9F214 /* Sources */ = {
			isa = PBXSourcesBuildPhase;
			buildActionMask = 2147483647;
			files = (
				1A7A393D23F4B44F00F9F214 /* PokedexTests.swift in Sources */,
			);
			runOnlyForDeploymentPostprocessing = 0;
		};
		1A7A393F23F4B44F00F9F214 /* Sources */ = {
			isa = PBXSourcesBuildPhase;
			buildActionMask = 2147483647;
			files = (
				1A7A394823F4B44F00F9F214 /* PokedexUITests.swift in Sources */,
			);
			runOnlyForDeploymentPostprocessing = 0;
		};
/* End PBXSourcesBuildPhase section */

/* Begin PBXTargetDependency section */
		1A7A393A23F4B44F00F9F214 /* PBXTargetDependency */ = {
			isa = PBXTargetDependency;
			target = 1A7A392123F4B44E00F9F214 /* Pokedex */;
			targetProxy = 1A7A393923F4B44F00F9F214 /* PBXContainerItemProxy */;
		};
		1A7A394523F4B44F00F9F214 /* PBXTargetDependency */ = {
			isa = PBXTargetDependency;
			target = 1A7A392123F4B44E00F9F214 /* Pokedex */;
			targetProxy = 1A7A394423F4B44F00F9F214 /* PBXContainerItemProxy */;
		};
/* End PBXTargetDependency section */

/* Begin PBXVariantGroup section */
		1A7A392B23F4B44E00F9F214 /* Main.storyboard */ = {
			isa = PBXVariantGroup;
			children = (
				1A7A392C23F4B44E00F9F214 /* Base */,
			);
			name = Main.storyboard;
			sourceTree = "<group>";
		};
		1A7A393023F4B44F00F9F214 /* LaunchScreen.storyboard */ = {
			isa = PBXVariantGroup;
			children = (
				1A7A393123F4B44F00F9F214 /* Base */,
			);
			name = LaunchScreen.storyboard;
			sourceTree = "<group>";
		};
/* End PBXVariantGroup section */

/* Begin XCBuildConfiguration section */
		1A7A394A23F4B44F00F9F214 /* Debug */ = {
			isa = XCBuildConfiguration;
			buildSettings = {
				ALWAYS_SEARCH_USER_PATHS = NO;
				CLANG_ANALYZER_NONNULL = YES;
				CLANG_ANALYZER_NUMBER_OBJECT_CONVERSION = YES_AGGRESSIVE;
				CLANG_CXX_LANGUAGE_STANDARD = "gnu++14";
				CLANG_CXX_LIBRARY = "libc++";
				CLANG_ENABLE_MODULES = YES;
				CLANG_ENABLE_OBJC_ARC = YES;
				CLANG_ENABLE_OBJC_WEAK = YES;
				CLANG_WARN_BLOCK_CAPTURE_AUTORELEASING = YES;
				CLANG_WARN_BOOL_CONVERSION = YES;
				CLANG_WARN_COMMA = YES;
				CLANG_WARN_CONSTANT_CONVERSION = YES;
				CLANG_WARN_DEPRECATED_OBJC_IMPLEMENTATIONS = YES;
				CLANG_WARN_DIRECT_OBJC_ISA_USAGE = YES_ERROR;
				CLANG_WARN_DOCUMENTATION_COMMENTS = YES;
				CLANG_WARN_EMPTY_BODY = YES;
				CLANG_WARN_ENUM_CONVERSION = YES;
				CLANG_WARN_INFINITE_RECURSION = YES;
				CLANG_WARN_INT_CONVERSION = YES;
				CLANG_WARN_NON_LITERAL_NULL_CONVERSION = YES;
				CLANG_WARN_OBJC_IMPLICIT_RETAIN_SELF = YES;
				CLANG_WARN_OBJC_LITERAL_CONVERSION = YES;
				CLANG_WARN_OBJC_ROOT_CLASS = YES_ERROR;
				CLANG_WARN_RANGE_LOOP_ANALYSIS = YES;
				CLANG_WARN_STRICT_PROTOTYPES = YES;
				CLANG_WARN_SUSPICIOUS_MOVE = YES;
				CLANG_WARN_UNGUARDED_AVAILABILITY = YES_AGGRESSIVE;
				CLANG_WARN_UNREACHABLE_CODE = YES;
				CLANG_WARN__DUPLICATE_METHOD_MATCH = YES;
				COPY_PHASE_STRIP = NO;
				DEBUG_INFORMATION_FORMAT = dwarf;
				ENABLE_STRICT_OBJC_MSGSEND = YES;
				ENABLE_TESTABILITY = YES;
				GCC_C_LANGUAGE_STANDARD = gnu11;
				GCC_DYNAMIC_NO_PIC = NO;
				GCC_NO_COMMON_BLOCKS = YES;
				GCC_OPTIMIZATION_LEVEL = 0;
				GCC_PREPROCESSOR_DEFINITIONS = (
					"DEBUG=1",
					"$(inherited)",
				);
				GCC_WARN_64_TO_32_BIT_CONVERSION = YES;
				GCC_WARN_ABOUT_RETURN_TYPE = YES_ERROR;
				GCC_WARN_UNDECLARED_SELECTOR = YES;
				GCC_WARN_UNINITIALIZED_AUTOS = YES_AGGRESSIVE;
				GCC_WARN_UNUSED_FUNCTION = YES;
				GCC_WARN_UNUSED_VARIABLE = YES;
				IPHONEOS_DEPLOYMENT_TARGET = 13.2;
				MTL_ENABLE_DEBUG_INFO = INCLUDE_SOURCE;
				MTL_FAST_MATH = YES;
				ONLY_ACTIVE_ARCH = YES;
				SDKROOT = iphoneos;
				SWIFT_ACTIVE_COMPILATION_CONDITIONS = DEBUG;
				SWIFT_OPTIMIZATION_LEVEL = "-Onone";
			};
			name = Debug;
		};
		1A7A394B23F4B44F00F9F214 /* Release */ = {
			isa = XCBuildConfiguration;
			buildSettings = {
				ALWAYS_SEARCH_USER_PATHS = NO;
				CLANG_ANALYZER_NONNULL = YES;
				CLANG_ANALYZER_NUMBER_OBJECT_CONVERSION = YES_AGGRESSIVE;
				CLANG_CXX_LANGUAGE_STANDARD = "gnu++14";
				CLANG_CXX_LIBRARY = "libc++";
				CLANG_ENABLE_MODULES = YES;
				CLANG_ENABLE_OBJC_ARC = YES;
				CLANG_ENABLE_OBJC_WEAK = YES;
				CLANG_WARN_BLOCK_CAPTURE_AUTORELEASING = YES;
				CLANG_WARN_BOOL_CONVERSION = YES;
				CLANG_WARN_COMMA = YES;
				CLANG_WARN_CONSTANT_CONVERSION = YES;
				CLANG_WARN_DEPRECATED_OBJC_IMPLEMENTATIONS = YES;
				CLANG_WARN_DIRECT_OBJC_ISA_USAGE = YES_ERROR;
				CLANG_WARN_DOCUMENTATION_COMMENTS = YES;
				CLANG_WARN_EMPTY_BODY = YES;
				CLANG_WARN_ENUM_CONVERSION = YES;
				CLANG_WARN_INFINITE_RECURSION = YES;
				CLANG_WARN_INT_CONVERSION = YES;
				CLANG_WARN_NON_LITERAL_NULL_CONVERSION = YES;
				CLANG_WARN_OBJC_IMPLICIT_RETAIN_SELF = YES;
				CLANG_WARN_OBJC_LITERAL_CONVERSION = YES;
				CLANG_WARN_OBJC_ROOT_CLASS = YES_ERROR;
				CLANG_WARN_RANGE_LOOP_ANALYSIS = YES;
				CLANG_WARN_STRICT_PROTOTYPES = YES;
				CLANG_WARN_SUSPICIOUS_MOVE = YES;
				CLANG_WARN_UNGUARDED_AVAILABILITY = YES_AGGRESSIVE;
				CLANG_WARN_UNREACHABLE_CODE = YES;
				CLANG_WARN__DUPLICATE_METHOD_MATCH = YES;
				COPY_PHASE_STRIP = NO;
				DEBUG_INFORMATION_FORMAT = "dwarf-with-dsym";
				ENABLE_NS_ASSERTIONS = NO;
				ENABLE_STRICT_OBJC_MSGSEND = YES;
				GCC_C_LANGUAGE_STANDARD = gnu11;
				GCC_NO_COMMON_BLOCKS = YES;
				GCC_WARN_64_TO_32_BIT_CONVERSION = YES;
				GCC_WARN_ABOUT_RETURN_TYPE = YES_ERROR;
				GCC_WARN_UNDECLARED_SELECTOR = YES;
				GCC_WARN_UNINITIALIZED_AUTOS = YES_AGGRESSIVE;
				GCC_WARN_UNUSED_FUNCTION = YES;
				GCC_WARN_UNUSED_VARIABLE = YES;
				IPHONEOS_DEPLOYMENT_TARGET = 13.2;
				MTL_ENABLE_DEBUG_INFO = NO;
				MTL_FAST_MATH = YES;
				SDKROOT = iphoneos;
				SWIFT_COMPILATION_MODE = wholemodule;
				SWIFT_OPTIMIZATION_LEVEL = "-O";
				VALIDATE_PRODUCT = YES;
			};
			name = Release;
		};
		1A7A394D23F4B44F00F9F214 /* Debug */ = {
			isa = XCBuildConfiguration;
			buildSettings = {
				ASSETCATALOG_COMPILER_APPICON_NAME = AppIcon;
				CODE_SIGN_STYLE = Automatic;
				DEVELOPMENT_TEAM = PRRYKJPVD4;
				INFOPLIST_FILE = Pokedex/Info.plist;
				LD_RUNPATH_SEARCH_PATHS = (
					"$(inherited)",
					"@executable_path/Frameworks",
				);
				PRODUCT_BUNDLE_IDENTIFIER = com.miclin.Pokedex;
				PRODUCT_NAME = "$(TARGET_NAME)";
				SWIFT_VERSION = 5.0;
				TARGETED_DEVICE_FAMILY = "1,2";
			};
			name = Debug;
		};
		1A7A394E23F4B44F00F9F214 /* Release */ = {
			isa = XCBuildConfiguration;
			buildSettings = {
				ASSETCATALOG_COMPILER_APPICON_NAME = AppIcon;
				CODE_SIGN_STYLE = Automatic;
				DEVELOPMENT_TEAM = PRRYKJPVD4;
				INFOPLIST_FILE = Pokedex/Info.plist;
				LD_RUNPATH_SEARCH_PATHS = (
					"$(inherited)",
					"@executable_path/Frameworks",
				);
				PRODUCT_BUNDLE_IDENTIFIER = com.miclin.Pokedex;
				PRODUCT_NAME = "$(TARGET_NAME)";
				SWIFT_VERSION = 5.0;
				TARGETED_DEVICE_FAMILY = "1,2";
			};
			name = Release;
		};
		1A7A395023F4B44F00F9F214 /* Debug */ = {
			isa = XCBuildConfiguration;
			buildSettings = {
				ALWAYS_EMBED_SWIFT_STANDARD_LIBRARIES = YES;
				BUNDLE_LOADER = "$(TEST_HOST)";
				CODE_SIGN_STYLE = Automatic;
				DEVELOPMENT_TEAM = PRRYKJPVD4;
				INFOPLIST_FILE = PokedexTests/Info.plist;
				IPHONEOS_DEPLOYMENT_TARGET = 13.2;
				LD_RUNPATH_SEARCH_PATHS = (
					"$(inherited)",
					"@executable_path/Frameworks",
					"@loader_path/Frameworks",
				);
				PRODUCT_BUNDLE_IDENTIFIER = com.miclin.PokedexTests;
				PRODUCT_NAME = "$(TARGET_NAME)";
				SWIFT_VERSION = 5.0;
				TARGETED_DEVICE_FAMILY = "1,2";
				TEST_HOST = "$(BUILT_PRODUCTS_DIR)/Pokedex.app/Pokedex";
			};
			name = Debug;
		};
		1A7A395123F4B44F00F9F214 /* Release */ = {
			isa = XCBuildConfiguration;
			buildSettings = {
				ALWAYS_EMBED_SWIFT_STANDARD_LIBRARIES = YES;
				BUNDLE_LOADER = "$(TEST_HOST)";
				CODE_SIGN_STYLE = Automatic;
				DEVELOPMENT_TEAM = PRRYKJPVD4;
				INFOPLIST_FILE = PokedexTests/Info.plist;
				IPHONEOS_DEPLOYMENT_TARGET = 13.2;
				LD_RUNPATH_SEARCH_PATHS = (
					"$(inherited)",
					"@executable_path/Frameworks",
					"@loader_path/Frameworks",
				);
				PRODUCT_BUNDLE_IDENTIFIER = com.miclin.PokedexTests;
				PRODUCT_NAME = "$(TARGET_NAME)";
				SWIFT_VERSION = 5.0;
				TARGETED_DEVICE_FAMILY = "1,2";
				TEST_HOST = "$(BUILT_PRODUCTS_DIR)/Pokedex.app/Pokedex";
			};
			name = Release;
		};
		1A7A395323F4B44F00F9F214 /* Debug */ = {
			isa = XCBuildConfiguration;
			buildSettings = {
				ALWAYS_EMBED_SWIFT_STANDARD_LIBRARIES = YES;
				CODE_SIGN_STYLE = Automatic;
				DEVELOPMENT_TEAM = PRRYKJPVD4;
				INFOPLIST_FILE = PokedexUITests/Info.plist;
				LD_RUNPATH_SEARCH_PATHS = (
					"$(inherited)",
					"@executable_path/Frameworks",
					"@loader_path/Frameworks",
				);
				PRODUCT_BUNDLE_IDENTIFIER = com.miclin.PokedexUITests;
				PRODUCT_NAME = "$(TARGET_NAME)";
				SWIFT_VERSION = 5.0;
				TARGETED_DEVICE_FAMILY = "1,2";
				TEST_TARGET_NAME = Pokedex;
			};
			name = Debug;
		};
		1A7A395423F4B44F00F9F214 /* Release */ = {
			isa = XCBuildConfiguration;
			buildSettings = {
				ALWAYS_EMBED_SWIFT_STANDARD_LIBRARIES = YES;
				CODE_SIGN_STYLE = Automatic;
				DEVELOPMENT_TEAM = PRRYKJPVD4;
				INFOPLIST_FILE = PokedexUITests/Info.plist;
				LD_RUNPATH_SEARCH_PATHS = (
					"$(inherited)",
					"@executable_path/Frameworks",
					"@loader_path/Frameworks",
				);
				PRODUCT_BUNDLE_IDENTIFIER = com.miclin.PokedexUITests;
				PRODUCT_NAME = "$(TARGET_NAME)";
				SWIFT_VERSION = 5.0;
				TARGETED_DEVICE_FAMILY = "1,2";
				TEST_TARGET_NAME = Pokedex;
			};
			name = Release;
		};
/* End XCBuildConfiguration section */

/* Begin XCConfigurationList section */
		1A7A391D23F4B44E00F9F214 /* Build configuration list for PBXProject "Pokedex" */ = {
			isa = XCConfigurationList;
			buildConfigurations = (
				1A7A394A23F4B44F00F9F214 /* Debug */,
				1A7A394B23F4B44F00F9F214 /* Release */,
			);
			defaultConfigurationIsVisible = 0;
			defaultConfigurationName = Release;
		};
		1A7A394C23F4B44F00F9F214 /* Build configuration list for PBXNativeTarget "Pokedex" */ = {
			isa = XCConfigurationList;
			buildConfigurations = (
				1A7A394D23F4B44F00F9F214 /* Debug */,
				1A7A394E23F4B44F00F9F214 /* Release */,
			);
			defaultConfigurationIsVisible = 0;
			defaultConfigurationName = Release;
		};
		1A7A394F23F4B44F00F9F214 /* Build configuration list for PBXNativeTarget "PokedexTests" */ = {
			isa = XCConfigurationList;
			buildConfigurations = (
				1A7A395023F4B44F00F9F214 /* Debug */,
				1A7A395123F4B44F00F9F214 /* Release */,
			);
			defaultConfigurationIsVisible = 0;
			defaultConfigurationName = Release;
		};
		1A7A395223F4B44F00F9F214 /* Build configuration list for PBXNativeTarget "PokedexUITests" */ = {
			isa = XCConfigurationList;
			buildConfigurations = (
				1A7A395323F4B44F00F9F214 /* Debug */,
				1A7A395423F4B44F00F9F214 /* Release */,
			);
			defaultConfigurationIsVisible = 0;
			defaultConfigurationName = Release;
		};
/* End XCConfigurationList section */

/* Begin XCRemoteSwiftPackageReference section */
		1ADF94C523F88423004D61C4 /* XCRemoteSwiftPackageReference "Kingfisher" */ = {
			isa = XCRemoteSwiftPackageReference;
			repositoryURL = "https://github.com/onevcat/Kingfisher.git";
			requirement = {
				kind = upToNextMajorVersion;
				minimumVersion = 5.13.0;
			};
		};
/* End XCRemoteSwiftPackageReference section */

/* Begin XCSwiftPackageProductDependency section */
		1ADF94C623F88423004D61C4 /* Kingfisher */ = {
			isa = XCSwiftPackageProductDependency;
			package = 1ADF94C523F88423004D61C4 /* XCRemoteSwiftPackageReference "Kingfisher" */;
			productName = Kingfisher;
		};
/* End XCSwiftPackageProductDependency section */
	};
	rootObject = 1A7A391A23F4B44E00F9F214 /* Project object */;
}
